
Microsoft Visual Studio Solution File, Format Version 12.00
# Visual Studio 15
VisualStudioVersion = 15.0.27004.2006
MinimumVisualStudioVersion = 10.0.40219.1
Project("{FAE04EC0-301F-11D3-BF4B-00C04F79EFBC}") = "IT213_Williams_Unit1_Exercise1_C", "IT213_Williams_Unit1_Exercise1_C\IT213_Williams_Unit1_Exercise1_C.csproj", "{9A59F726-0A82-4659-BAF5-51EF96E3AB98}"
EndProject
Global
	GlobalSection(SolutionConfigurationPlatforms) = preSolution
		Debug|Any CPU = Debug|Any CPU
		Release|Any CPU = Release|Any CPU
	EndGlobalSection
	GlobalSection(ProjectConfigurationPlatforms) = postSolution
		{9A59F726-0A82-4659-BAF5-51EF96E3AB98}.Debug|Any CPU.ActiveCfg = Debug|Any CPU
		{9A59F726-0A82-4659-BAF5-51EF96E3AB98}.Debug|Any CPU.Build.0 = Debug|Any CPU
		{9A59F726-0A82-4659-BAF5-51EF96E3AB98}.Release|Any CPU.ActiveCfg = Release|Any CPU
		{9A59F726-0A82-4659-BAF5-51EF96E3AB98}.Release|Any CPU.Build.0 = Release|Any CPU
	EndGlobalSection
	GlobalSection(SolutionProperties) = preSolution
		HideSolutionNode = FALSE
	EndGlobalSection
	GlobalSection(ExtensibilityGlobals) = postSolution
		SolutionGuid = {E1467B64-A7A3-4DE8-B58C-51C2373BBBF3}
	EndGlobalSection
EndGlobal
